
Microsoft Visual Studio Solution File, Format Version 12.00
# Visual Studio 2013
VisualStudioVersion = 12.0.31101.0
MinimumVisualStudioVersion = 10.0.40219.1
Project("{FAE04EC0-301F-11D3-BF4B-00C04F79EFBC}") = "Tests.DataAccessLayer", "DataAccessLayer.Tests\Tests.DataAccessLayer.csproj", "{F8191587-6BA0-424F-BE3A-07B7A460CA08}"
EndProject
Project("{FAE04EC0-301F-11D3-BF4B-00C04F79EFBC}") = "BusinessLayer.Managers", "BusinessLayer\BusinessLayer.Managers.csproj", "{8AFF7348-82B5-48CF-8F2B-8B9C645D33EB}"
EndProject
Project("{FAE04EC0-301F-11D3-BF4B-00C04F79EFBC}") = "Tests.BusinessLayer", "BusinessLayer.Tests\Tests.BusinessLayer.csproj", "{0236E918-16AB-40BB-AB4E-5219B675B9F8}"
	ProjectSection(ProjectDependencies) = postProject
		{8AFF7348-82B5-48CF-8F2B-8B9C645D33EB} = {8AFF7348-82B5-48CF-8F2B-8B9C645D33EB}
	EndProjectSection
EndProject
Project("{2150E333-8FDC-42A3-9474-1A3956D46DE8}") = "BusinessLayer", "BusinessLayer", "{5F4B8642-F765-49E5-8C78-E766F974C4D4}"
EndProject
Project("{2150E333-8FDC-42A3-9474-1A3956D46DE8}") = "Tests", "Tests", "{5DC57644-292C-4F83-810E-8A6B35FB5D57}"
EndProject
Project("{FAE04EC0-301F-11D3-BF4B-00C04F79EFBC}") = "Tests.PresentationLayer", "WebApplication.Tests\Tests.PresentationLayer.csproj", "{D657523B-248A-448A-89DB-9A8748269F7C}"
EndProject
Project("{FAE04EC0-301F-11D3-BF4B-00C04F79EFBC}") = "BusinessLayer.Contracts", "BusinessLayer.Contracts\BusinessLayer.Contracts.csproj", "{6A99D85D-8DE1-450F-BFE3-502D7F3DCD28}"
EndProject
Project("{2150E333-8FDC-42A3-9474-1A3956D46DE8}") = "Shared", "Shared", "{421A0FFC-3EC9-4CFF-B70F-CE423ADFB0A6}"
EndProject
Project("{FAE04EC0-301F-11D3-BF4B-00C04F79EFBC}") = "Shared.Constants", "Shared.Constants\Shared.Constants.csproj", "{D773CEEC-1798-4782-9420-547A7F422AE4}"
EndProject
Project("{FAE04EC0-301F-11D3-BF4B-00C04F79EFBC}") = "Shared.Models", "Shared.Models\Shared.Models.csproj", "{5BD11E4D-D98F-4DE5-B607-E7C6BAECC084}"
EndProject
Project("{2150E333-8FDC-42A3-9474-1A3956D46DE8}") = "DAL", "DAL", "{CD6458F9-CCC8-4E88-8CCA-EC42D37547E6}"
EndProject
Project("{FAE04EC0-301F-11D3-BF4B-00C04F79EFBC}") = "DAL.Contracts", "DAL.Contracts\DAL.Contracts.csproj", "{56B19F5F-38AB-46F4-B5C2-E6AC3B309F07}"
EndProject
Project("{FAE04EC0-301F-11D3-BF4B-00C04F79EFBC}") = "DAL.EntityFrameworkRepository", "DAL.EntityFrameworkRepository\DAL.EntityFrameworkRepository.csproj", "{306664C8-194F-491C-8E02-030A4A2BE718}"
EndProject
Project("{FAE04EC0-301F-11D3-BF4B-00C04F79EFBC}") = "Tests.Fixtures", "Tests.Fixtures\Tests.Fixtures.csproj", "{108EFA12-AC58-471C-BB6B-76A2E11A417C}"
EndProject
Project("{2150E333-8FDC-42A3-9474-1A3956D46DE8}") = "WebApplication", "WebApplication", "{2BD5F4B1-4F63-4BEB-8118-993E18E898CA}"
EndProject
Project("{FAE04EC0-301F-11D3-BF4B-00C04F79EFBC}") = "WebApplication", "WebApplication\WebApplication.csproj", "{ED109868-E22A-4529-B812-86A0D7C156FE}"
EndProject
Global
	GlobalSection(SolutionConfigurationPlatforms) = preSolution
		Debug|Any CPU = Debug|Any CPU
		Release|Any CPU = Release|Any CPU
	EndGlobalSection
	GlobalSection(ProjectConfigurationPlatforms) = postSolution
		{F8191587-6BA0-424F-BE3A-07B7A460CA08}.Debug|Any CPU.ActiveCfg = Debug|Any CPU
		{F8191587-6BA0-424F-BE3A-07B7A460CA08}.Debug|Any CPU.Build.0 = Debug|Any CPU
		{F8191587-6BA0-424F-BE3A-07B7A460CA08}.Release|Any CPU.ActiveCfg = Release|Any CPU
		{F8191587-6BA0-424F-BE3A-07B7A460CA08}.Release|Any CPU.Build.0 = Release|Any CPU
		{8AFF7348-82B5-48CF-8F2B-8B9C645D33EB}.Debug|Any CPU.ActiveCfg = Debug|Any CPU
		{8AFF7348-82B5-48CF-8F2B-8B9C645D33EB}.Debug|Any CPU.Build.0 = Debug|Any CPU
		{8AFF7348-82B5-48CF-8F2B-8B9C645D33EB}.Release|Any CPU.ActiveCfg = Release|Any CPU
		{8AFF7348-82B5-48CF-8F2B-8B9C645D33EB}.Release|Any CPU.Build.0 = Release|Any CPU
		{0236E918-16AB-40BB-AB4E-5219B675B9F8}.Debug|Any CPU.ActiveCfg = Debug|Any CPU
		{0236E918-16AB-40BB-AB4E-5219B675B9F8}.Debug|Any CPU.Build.0 = Debug|Any CPU
		{0236E918-16AB-40BB-AB4E-5219B675B9F8}.Release|Any CPU.ActiveCfg = Release|Any CPU
		{0236E918-16AB-40BB-AB4E-5219B675B9F8}.Release|Any CPU.Build.0 = Release|Any CPU
		{D657523B-248A-448A-89DB-9A8748269F7C}.Debug|Any CPU.ActiveCfg = Debug|Any CPU
		{D657523B-248A-448A-89DB-9A8748269F7C}.Debug|Any CPU.Build.0 = Debug|Any CPU
		{D657523B-248A-448A-89DB-9A8748269F7C}.Release|Any CPU.ActiveCfg = Release|Any CPU
		{D657523B-248A-448A-89DB-9A8748269F7C}.Release|Any CPU.Build.0 = Release|Any CPU
		{6A99D85D-8DE1-450F-BFE3-502D7F3DCD28}.Debug|Any CPU.ActiveCfg = Debug|Any CPU
		{6A99D85D-8DE1-450F-BFE3-502D7F3DCD28}.Debug|Any CPU.Build.0 = Debug|Any CPU
		{6A99D85D-8DE1-450F-BFE3-502D7F3DCD28}.Release|Any CPU.ActiveCfg = Release|Any CPU
		{6A99D85D-8DE1-450F-BFE3-502D7F3DCD28}.Release|Any CPU.Build.0 = Release|Any CPU
		{D773CEEC-1798-4782-9420-547A7F422AE4}.Debug|Any CPU.ActiveCfg = Debug|Any CPU
		{D773CEEC-1798-4782-9420-547A7F422AE4}.Debug|Any CPU.Build.0 = Debug|Any CPU
		{D773CEEC-1798-4782-9420-547A7F422AE4}.Release|Any CPU.ActiveCfg = Release|Any CPU
		{D773CEEC-1798-4782-9420-547A7F422AE4}.Release|Any CPU.Build.0 = Release|Any CPU
		{5BD11E4D-D98F-4DE5-B607-E7C6BAECC084}.Debug|Any CPU.ActiveCfg = Debug|Any CPU
		{5BD11E4D-D98F-4DE5-B607-E7C6BAECC084}.Debug|Any CPU.Build.0 = Debug|Any CPU
		{5BD11E4D-D98F-4DE5-B607-E7C6BAECC084}.Release|Any CPU.ActiveCfg = Release|Any CPU
		{5BD11E4D-D98F-4DE5-B607-E7C6BAECC084}.Release|Any CPU.Build.0 = Release|Any CPU
		{56B19F5F-38AB-46F4-B5C2-E6AC3B309F07}.Debug|Any CPU.ActiveCfg = Debug|Any CPU
		{56B19F5F-38AB-46F4-B5C2-E6AC3B309F07}.Debug|Any CPU.Build.0 = Debug|Any CPU
		{56B19F5F-38AB-46F4-B5C2-E6AC3B309F07}.Release|Any CPU.ActiveCfg = Release|Any CPU
		{56B19F5F-38AB-46F4-B5C2-E6AC3B309F07}.Release|Any CPU.Build.0 = Release|Any CPU
		{306664C8-194F-491C-8E02-030A4A2BE718}.Debug|Any CPU.ActiveCfg = Debug|Any CPU
		{306664C8-194F-491C-8E02-030A4A2BE718}.Debug|Any CPU.Build.0 = Debug|Any CPU
		{306664C8-194F-491C-8E02-030A4A2BE718}.Release|Any CPU.ActiveCfg = Release|Any CPU
		{306664C8-194F-491C-8E02-030A4A2BE718}.Release|Any CPU.Build.0 = Release|Any CPU
		{108EFA12-AC58-471C-BB6B-76A2E11A417C}.Debug|Any CPU.ActiveCfg = Debug|Any CPU
		{108EFA12-AC58-471C-BB6B-76A2E11A417C}.Debug|Any CPU.Build.0 = Debug|Any CPU
		{108EFA12-AC58-471C-BB6B-76A2E11A417C}.Release|Any CPU.ActiveCfg = Release|Any CPU
		{108EFA12-AC58-471C-BB6B-76A2E11A417C}.Release|Any CPU.Build.0 = Release|Any CPU
		{ED109868-E22A-4529-B812-86A0D7C156FE}.Debug|Any CPU.ActiveCfg = Debug|Any CPU
		{ED109868-E22A-4529-B812-86A0D7C156FE}.Debug|Any CPU.Build.0 = Debug|Any CPU
		{ED109868-E22A-4529-B812-86A0D7C156FE}.Release|Any CPU.ActiveCfg = Release|Any CPU
		{ED109868-E22A-4529-B812-86A0D7C156FE}.Release|Any CPU.Build.0 = Release|Any CPU
	EndGlobalSection
	GlobalSection(SolutionProperties) = preSolution
		HideSolutionNode = FALSE
	EndGlobalSection
	GlobalSection(NestedProjects) = preSolution
		{F8191587-6BA0-424F-BE3A-07B7A460CA08} = {5DC57644-292C-4F83-810E-8A6B35FB5D57}
		{8AFF7348-82B5-48CF-8F2B-8B9C645D33EB} = {5F4B8642-F765-49E5-8C78-E766F974C4D4}
		{0236E918-16AB-40BB-AB4E-5219B675B9F8} = {5DC57644-292C-4F83-810E-8A6B35FB5D57}
		{D657523B-248A-448A-89DB-9A8748269F7C} = {5DC57644-292C-4F83-810E-8A6B35FB5D57}
		{6A99D85D-8DE1-450F-BFE3-502D7F3DCD28} = {5F4B8642-F765-49E5-8C78-E766F974C4D4}
		{D773CEEC-1798-4782-9420-547A7F422AE4} = {421A0FFC-3EC9-4CFF-B70F-CE423ADFB0A6}
		{5BD11E4D-D98F-4DE5-B607-E7C6BAECC084} = {421A0FFC-3EC9-4CFF-B70F-CE423ADFB0A6}
		{56B19F5F-38AB-46F4-B5C2-E6AC3B309F07} = {CD6458F9-CCC8-4E88-8CCA-EC42D37547E6}
		{306664C8-194F-491C-8E02-030A4A2BE718} = {CD6458F9-CCC8-4E88-8CCA-EC42D37547E6}
		{108EFA12-AC58-471C-BB6B-76A2E11A417C} = {5DC57644-292C-4F83-810E-8A6B35FB5D57}
		{ED109868-E22A-4529-B812-86A0D7C156FE} = {2BD5F4B1-4F63-4BEB-8118-993E18E898CA}
	EndGlobalSection
EndGlobal
