
Microsoft Visual Studio Solution File, Format Version 12.00
# Visual Studio 2013
VisualStudioVersion = 12.0.31101.0
MinimumVisualStudioVersion = 10.0.40219.1
Project("{FAE04EC0-301F-11D3-BF4B-00C04F79EFBC}") = "Data.EntityFrameworkRepository.Tests", "DataAccessLayer.Tests\Data.EntityFrameworkRepository.Tests.csproj", "{F8191587-6BA0-424F-BE3A-07B7A460CA08}"
EndProject
Project("{FAE04EC0-301F-11D3-BF4B-00C04F79EFBC}") = "Data.EntityFrameworkRepository", "DataAccessLayer\Data.EntityFrameworkRepository.csproj", "{2CAE9EBA-3C0F-48B8-BA52-E44FCA3F36ED}"
EndProject
Project("{FAE04EC0-301F-11D3-BF4B-00C04F79EFBC}") = "Data.Contracts", "Common.Contracts\Data.Contracts.csproj", "{065D42F7-C500-4CDD-9498-EEAA8549E4C5}"
EndProject
Project("{FAE04EC0-301F-11D3-BF4B-00C04F79EFBC}") = "Data.Models", "Common.Models\Data.Models.csproj", "{E95D1CFB-6CB8-4A87-817A-4B93C3E9D5F5}"
EndProject
Project("{FAE04EC0-301F-11D3-BF4B-00C04F79EFBC}") = "Fixtures", "Common.Models.Fixtures\Fixtures.csproj", "{24DE3E5C-5F60-4AA4-A16F-EBE0D9F5A726}"
EndProject
Project("{FAE04EC0-301F-11D3-BF4B-00C04F79EFBC}") = "BusinessLayer.Managers", "BusinessLayer\BusinessLayer.Managers.csproj", "{8AFF7348-82B5-48CF-8F2B-8B9C645D33EB}"
EndProject
Project("{FAE04EC0-301F-11D3-BF4B-00C04F79EFBC}") = "BusinessLayer.Managers.Tests", "BusinessLayer.Tests\BusinessLayer.Managers.Tests.csproj", "{0236E918-16AB-40BB-AB4E-5219B675B9F8}"
	ProjectSection(ProjectDependencies) = postProject
		{8AFF7348-82B5-48CF-8F2B-8B9C645D33EB} = {8AFF7348-82B5-48CF-8F2B-8B9C645D33EB}
		{065D42F7-C500-4CDD-9498-EEAA8549E4C5} = {065D42F7-C500-4CDD-9498-EEAA8549E4C5}
		{E95D1CFB-6CB8-4A87-817A-4B93C3E9D5F5} = {E95D1CFB-6CB8-4A87-817A-4B93C3E9D5F5}
	EndProjectSection
EndProject
Project("{FAE04EC0-301F-11D3-BF4B-00C04F79EFBC}") = "BusinessLayer.Bootstrapper", "BusinessLayer.Bootstrapper\BusinessLayer.Bootstrapper.csproj", "{FD7DCB86-B90C-4B26-8E4A-D56CF8565EE9}"
EndProject
Project("{FAE04EC0-301F-11D3-BF4B-00C04F79EFBC}") = "TempTest2", "TempTest2\TempTest2.csproj", "{45208CF8-A6C9-40FB-BDB6-B5E8C5D175A5}"
EndProject
Project("{2150E333-8FDC-42A3-9474-1A3956D46DE8}") = "BusinessLayer", "BusinessLayer", "{5F4B8642-F765-49E5-8C78-E766F974C4D4}"
EndProject
Project("{2150E333-8FDC-42A3-9474-1A3956D46DE8}") = "Tests", "Tests", "{5DC57644-292C-4F83-810E-8A6B35FB5D57}"
EndProject
Project("{2150E333-8FDC-42A3-9474-1A3956D46DE8}") = "Common", "Common", "{64176C1E-B14D-4AEB-A853-64364FB0B082}"
EndProject
Project("{2150E333-8FDC-42A3-9474-1A3956D46DE8}") = "DataAccessLayer", "DataAccessLayer", "{5A626082-87E1-4AF3-8F1F-B0EFB2E5361D}"
EndProject
Project("{2150E333-8FDC-42A3-9474-1A3956D46DE8}") = "PresentationLayer", "PresentationLayer", "{B32825CC-1D74-4D6B-8376-53C45882F289}"
EndProject
Project("{FAE04EC0-301F-11D3-BF4B-00C04F79EFBC}") = "WebApplication.Tests", "WebApplication.Tests\WebApplication.Tests.csproj", "{D657523B-248A-448A-89DB-9A8748269F7C}"
EndProject
Project("{FAE04EC0-301F-11D3-BF4B-00C04F79EFBC}") = "ContosoUniversity", "PresentationLayer\ContosoUniversity.csproj", "{264E21D6-4024-4A53-B1BE-1CD42F3348FE}"
EndProject
Global
	GlobalSection(SolutionConfigurationPlatforms) = preSolution
		Debug|Any CPU = Debug|Any CPU
		Release|Any CPU = Release|Any CPU
	EndGlobalSection
	GlobalSection(ProjectConfigurationPlatforms) = postSolution
		{F8191587-6BA0-424F-BE3A-07B7A460CA08}.Debug|Any CPU.ActiveCfg = Debug|Any CPU
		{F8191587-6BA0-424F-BE3A-07B7A460CA08}.Debug|Any CPU.Build.0 = Debug|Any CPU
		{F8191587-6BA0-424F-BE3A-07B7A460CA08}.Release|Any CPU.ActiveCfg = Release|Any CPU
		{F8191587-6BA0-424F-BE3A-07B7A460CA08}.Release|Any CPU.Build.0 = Release|Any CPU
		{2CAE9EBA-3C0F-48B8-BA52-E44FCA3F36ED}.Debug|Any CPU.ActiveCfg = Debug|Any CPU
		{2CAE9EBA-3C0F-48B8-BA52-E44FCA3F36ED}.Debug|Any CPU.Build.0 = Debug|Any CPU
		{2CAE9EBA-3C0F-48B8-BA52-E44FCA3F36ED}.Release|Any CPU.ActiveCfg = Release|Any CPU
		{2CAE9EBA-3C0F-48B8-BA52-E44FCA3F36ED}.Release|Any CPU.Build.0 = Release|Any CPU
		{065D42F7-C500-4CDD-9498-EEAA8549E4C5}.Debug|Any CPU.ActiveCfg = Debug|Any CPU
		{065D42F7-C500-4CDD-9498-EEAA8549E4C5}.Debug|Any CPU.Build.0 = Debug|Any CPU
		{065D42F7-C500-4CDD-9498-EEAA8549E4C5}.Release|Any CPU.ActiveCfg = Release|Any CPU
		{065D42F7-C500-4CDD-9498-EEAA8549E4C5}.Release|Any CPU.Build.0 = Release|Any CPU
		{E95D1CFB-6CB8-4A87-817A-4B93C3E9D5F5}.Debug|Any CPU.ActiveCfg = Debug|Any CPU
		{E95D1CFB-6CB8-4A87-817A-4B93C3E9D5F5}.Debug|Any CPU.Build.0 = Debug|Any CPU
		{E95D1CFB-6CB8-4A87-817A-4B93C3E9D5F5}.Release|Any CPU.ActiveCfg = Release|Any CPU
		{E95D1CFB-6CB8-4A87-817A-4B93C3E9D5F5}.Release|Any CPU.Build.0 = Release|Any CPU
		{24DE3E5C-5F60-4AA4-A16F-EBE0D9F5A726}.Debug|Any CPU.ActiveCfg = Debug|Any CPU
		{24DE3E5C-5F60-4AA4-A16F-EBE0D9F5A726}.Debug|Any CPU.Build.0 = Debug|Any CPU
		{24DE3E5C-5F60-4AA4-A16F-EBE0D9F5A726}.Release|Any CPU.ActiveCfg = Release|Any CPU
		{24DE3E5C-5F60-4AA4-A16F-EBE0D9F5A726}.Release|Any CPU.Build.0 = Release|Any CPU
		{8AFF7348-82B5-48CF-8F2B-8B9C645D33EB}.Debug|Any CPU.ActiveCfg = Debug|Any CPU
		{8AFF7348-82B5-48CF-8F2B-8B9C645D33EB}.Debug|Any CPU.Build.0 = Debug|Any CPU
		{8AFF7348-82B5-48CF-8F2B-8B9C645D33EB}.Release|Any CPU.ActiveCfg = Release|Any CPU
		{8AFF7348-82B5-48CF-8F2B-8B9C645D33EB}.Release|Any CPU.Build.0 = Release|Any CPU
		{0236E918-16AB-40BB-AB4E-5219B675B9F8}.Debug|Any CPU.ActiveCfg = Debug|Any CPU
		{0236E918-16AB-40BB-AB4E-5219B675B9F8}.Debug|Any CPU.Build.0 = Debug|Any CPU
		{0236E918-16AB-40BB-AB4E-5219B675B9F8}.Release|Any CPU.ActiveCfg = Release|Any CPU
		{0236E918-16AB-40BB-AB4E-5219B675B9F8}.Release|Any CPU.Build.0 = Release|Any CPU
		{FD7DCB86-B90C-4B26-8E4A-D56CF8565EE9}.Debug|Any CPU.ActiveCfg = Debug|Any CPU
		{FD7DCB86-B90C-4B26-8E4A-D56CF8565EE9}.Debug|Any CPU.Build.0 = Debug|Any CPU
		{FD7DCB86-B90C-4B26-8E4A-D56CF8565EE9}.Release|Any CPU.ActiveCfg = Release|Any CPU
		{FD7DCB86-B90C-4B26-8E4A-D56CF8565EE9}.Release|Any CPU.Build.0 = Release|Any CPU
		{45208CF8-A6C9-40FB-BDB6-B5E8C5D175A5}.Debug|Any CPU.ActiveCfg = Debug|Any CPU
		{45208CF8-A6C9-40FB-BDB6-B5E8C5D175A5}.Debug|Any CPU.Build.0 = Debug|Any CPU
		{45208CF8-A6C9-40FB-BDB6-B5E8C5D175A5}.Release|Any CPU.ActiveCfg = Release|Any CPU
		{45208CF8-A6C9-40FB-BDB6-B5E8C5D175A5}.Release|Any CPU.Build.0 = Release|Any CPU
		{D657523B-248A-448A-89DB-9A8748269F7C}.Debug|Any CPU.ActiveCfg = Debug|Any CPU
		{D657523B-248A-448A-89DB-9A8748269F7C}.Debug|Any CPU.Build.0 = Debug|Any CPU
		{D657523B-248A-448A-89DB-9A8748269F7C}.Release|Any CPU.ActiveCfg = Release|Any CPU
		{D657523B-248A-448A-89DB-9A8748269F7C}.Release|Any CPU.Build.0 = Release|Any CPU
		{264E21D6-4024-4A53-B1BE-1CD42F3348FE}.Debug|Any CPU.ActiveCfg = Debug|Any CPU
		{264E21D6-4024-4A53-B1BE-1CD42F3348FE}.Debug|Any CPU.Build.0 = Debug|Any CPU
		{264E21D6-4024-4A53-B1BE-1CD42F3348FE}.Release|Any CPU.ActiveCfg = Release|Any CPU
		{264E21D6-4024-4A53-B1BE-1CD42F3348FE}.Release|Any CPU.Build.0 = Release|Any CPU
	EndGlobalSection
	GlobalSection(SolutionProperties) = preSolution
		HideSolutionNode = FALSE
	EndGlobalSection
	GlobalSection(NestedProjects) = preSolution
		{F8191587-6BA0-424F-BE3A-07B7A460CA08} = {5DC57644-292C-4F83-810E-8A6B35FB5D57}
		{2CAE9EBA-3C0F-48B8-BA52-E44FCA3F36ED} = {5A626082-87E1-4AF3-8F1F-B0EFB2E5361D}
		{065D42F7-C500-4CDD-9498-EEAA8549E4C5} = {5A626082-87E1-4AF3-8F1F-B0EFB2E5361D}
		{E95D1CFB-6CB8-4A87-817A-4B93C3E9D5F5} = {5A626082-87E1-4AF3-8F1F-B0EFB2E5361D}
		{24DE3E5C-5F60-4AA4-A16F-EBE0D9F5A726} = {5DC57644-292C-4F83-810E-8A6B35FB5D57}
		{8AFF7348-82B5-48CF-8F2B-8B9C645D33EB} = {5F4B8642-F765-49E5-8C78-E766F974C4D4}
		{0236E918-16AB-40BB-AB4E-5219B675B9F8} = {5DC57644-292C-4F83-810E-8A6B35FB5D57}
		{FD7DCB86-B90C-4B26-8E4A-D56CF8565EE9} = {5F4B8642-F765-49E5-8C78-E766F974C4D4}
		{45208CF8-A6C9-40FB-BDB6-B5E8C5D175A5} = {5DC57644-292C-4F83-810E-8A6B35FB5D57}
		{D657523B-248A-448A-89DB-9A8748269F7C} = {5DC57644-292C-4F83-810E-8A6B35FB5D57}
		{264E21D6-4024-4A53-B1BE-1CD42F3348FE} = {B32825CC-1D74-4D6B-8376-53C45882F289}
	EndGlobalSection
EndGlobal
