
Microsoft Visual Studio Solution File, Format Version 12.00
# Visual Studio 2013
VisualStudioVersion = 12.0.31101.0
MinimumVisualStudioVersion = 10.0.40219.1
Project("{FAE04EC0-301F-11D3-BF4B-00C04F79EFBC}") = "WebApplication1", "WebApplication1\WebApplication1.csproj", "{AEFF556E-FD7C-4D25-A096-7DC292C03668}"
EndProject
Project("{FAE04EC0-301F-11D3-BF4B-00C04F79EFBC}") = "WebApplication1.Tests", "WebApplication1.Tests\WebApplication1.Tests.csproj", "{C6A92556-7D52-417F-BDEF-69C99373A2E8}"
EndProject
Global
	GlobalSection(SolutionConfigurationPlatforms) = preSolution
		Debug|Any CPU = Debug|Any CPU
		Release|Any CPU = Release|Any CPU
	EndGlobalSection
	GlobalSection(ProjectConfigurationPlatforms) = postSolution
		{AEFF556E-FD7C-4D25-A096-7DC292C03668}.Debug|Any CPU.ActiveCfg = Debug|Any CPU
		{AEFF556E-FD7C-4D25-A096-7DC292C03668}.Debug|Any CPU.Build.0 = Debug|Any CPU
		{AEFF556E-FD7C-4D25-A096-7DC292C03668}.Release|Any CPU.ActiveCfg = Release|Any CPU
		{AEFF556E-FD7C-4D25-A096-7DC292C03668}.Release|Any CPU.Build.0 = Release|Any CPU
		{C6A92556-7D52-417F-BDEF-69C99373A2E8}.Debug|Any CPU.ActiveCfg = Debug|Any CPU
		{C6A92556-7D52-417F-BDEF-69C99373A2E8}.Debug|Any CPU.Build.0 = Debug|Any CPU
		{C6A92556-7D52-417F-BDEF-69C99373A2E8}.Release|Any CPU.ActiveCfg = Release|Any CPU
		{C6A92556-7D52-417F-BDEF-69C99373A2E8}.Release|Any CPU.Build.0 = Release|Any CPU
	EndGlobalSection
	GlobalSection(SolutionProperties) = preSolution
		HideSolutionNode = FALSE
	EndGlobalSection
EndGlobal
